
Microsoft Visual Studio Solution File, Format Version 12.00
# Visual Studio Version 17
VisualStudioVersion = 17.6.33829.357
MinimumVisualStudioVersion = 10.0.40219.1
Project("{FAE04EC0-301F-11D3-BF4B-00C04F79EFBC}") = "drawingnew", "drawingnew\drawingnew.csproj", "{45A4D65F-7528-4127-BD58-45C11EF8BD30}"
EndProject
Global
	GlobalSection(SolutionConfigurationPlatforms) = preSolution
		Debug|Any CPU = Debug|Any CPU
		Release|Any CPU = Release|Any CPU
	EndGlobalSection
	GlobalSection(ProjectConfigurationPlatforms) = postSolution
		{45A4D65F-7528-4127-BD58-45C11EF8BD30}.Debug|Any CPU.ActiveCfg = Debug|Any CPU
		{45A4D65F-7528-4127-BD58-45C11EF8BD30}.Debug|Any CPU.Build.0 = Debug|Any CPU
		{45A4D65F-7528-4127-BD58-45C11EF8BD30}.Release|Any CPU.ActiveCfg = Release|Any CPU
		{45A4D65F-7528-4127-BD58-45C11EF8BD30}.Release|Any CPU.Build.0 = Release|Any CPU
	EndGlobalSection
	GlobalSection(SolutionProperties) = preSolution
		HideSolutionNode = FALSE
	EndGlobalSection
	GlobalSection(ExtensibilityGlobals) = postSolution
		SolutionGuid = {0B74CEE0-008F-4C8D-8AB7-0DA3B5FE9B1B}
	EndGlobalSection
EndGlobal
